
Microsoft Visual Studio Solution File, Format Version 12.00
# Visual Studio Version 17
VisualStudioVersion = 17.14.36310.24 d17.14
MinimumVisualStudioVersion = 10.0.40219.1
Project("{FAE04EC0-301F-11D3-BF4B-00C04F79EFBC}") = "library-api", "library-api.csproj", "{C8929C02-EA46-4EEA-958F-A1C2B8D80084}"
EndProject
Global
	GlobalSection(SolutionConfigurationPlatforms) = preSolution
		Debug|Any CPU = Debug|Any CPU
		Release|Any CPU = Release|Any CPU
	EndGlobalSection
	GlobalSection(ProjectConfigurationPlatforms) = postSolution
		{C8929C02-EA46-4EEA-958F-A1C2B8D80084}.Debug|Any CPU.ActiveCfg = Debug|Any CPU
		{C8929C02-EA46-4EEA-958F-A1C2B8D80084}.Debug|Any CPU.Build.0 = Debug|Any CPU
		{C8929C02-EA46-4EEA-958F-A1C2B8D80084}.Release|Any CPU.ActiveCfg = Release|Any CPU
		{C8929C02-EA46-4EEA-958F-A1C2B8D80084}.Release|Any CPU.Build.0 = Release|Any CPU
	EndGlobalSection
	GlobalSection(SolutionProperties) = preSolution
		HideSolutionNode = FALSE
	EndGlobalSection
	GlobalSection(ExtensibilityGlobals) = postSolution
		SolutionGuid = {16E4C05C-0182-46FD-9C15-DC7B09F6398E}
	EndGlobalSection
EndGlobal
